// !$*UTF8*$!
{
	archiveVersion = 1;
	classes = {
	};
	objectVersion = 50;
	objects = {

/* Begin PBXBuildFile section */
		C83CF0A2238D18A800045146 /* AppDelegate.swift in Sources */ = {isa = PBXBuildFile; fileRef = C83CF0A1238D18A800045146 /* AppDelegate.swift */; };
		C83CF0A4238D18A800045146 /* ViewController.swift in Sources */ = {isa = PBXBuildFile; fileRef = C83CF0A3238D18A800045146 /* ViewController.swift */; };
		C83CF0A7238D18A800045146 /* Main.storyboard in Resources */ = {isa = PBXBuildFile; fileRef = C83CF0A5238D18A800045146 /* Main.storyboard */; };
		C83CF0A9238D18A800045146 /* Assets.xcassets in Resources */ = {isa = PBXBuildFile; fileRef = C83CF0A8238D18A800045146 /* Assets.xcassets */; };
		C83CF0AC238D18A800045146 /* LaunchScreen.storyboard in Resources */ = {isa = PBXBuildFile; fileRef = C83CF0AA238D18A800045146 /* LaunchScreen.storyboard */; };
		C83CF0B4238D2DFF00045146 /* CustomHeaderCell.swift in Sources */ = {isa = PBXBuildFile; fileRef = C83CF0B3238D2DFF00045146 /* CustomHeaderCell.swift */; };
/* End PBXBuildFile section */

/* Begin PBXFileReference section */
		C83CF09E238D18A800045146 /* MachineTest3FlowersHederFooter.app */ = {isa = PBXFileReference; explicitFileType = wrapper.application; includeInIndex = 0; path = MachineTest3FlowersHederFooter.app; sourceTree = BUILT_PRODUCTS_DIR; };
		C83CF0A1238D18A800045146 /* AppDelegate.swift */ = {isa = PBXFileReference; lastKnownFileType = sourcecode.swift; path = AppDelegate.swift; sourceTree = "<group>"; };
		C83CF0A3238D18A800045146 /* ViewController.swift */ = {isa = PBXFileReference; lastKnownFileType = sourcecode.swift; path = ViewController.swift; sourceTree = "<group>"; };
		C83CF0A6238D18A800045146 /* Base */ = {isa = PBXFileReference; lastKnownFileType = file.storyboard; name = Base; path = Base.lproj/Main.storyboard; sourceTree = "<group>"; };
		C83CF0A8238D18A800045146 /* Assets.xcassets */ = {isa = PBXFileReference; lastKnownFileType = folder.assetcatalog; path = Assets.xcassets; sourceTree = "<group>"; };
		C83CF0AB238D18A800045146 /* Base */ = {isa = PBXFileReference; lastKnownFileType = file.storyboard; name = Base; path = Base.lproj/LaunchScreen.storyboard; sourceTree = "<group>"; };
		C83CF0AD238D18A800045146 /* Info.plist */ = {isa = PBXFileReference; lastKnownFileType = text.plist.xml; path = Info.plist; sourceTree = "<group>"; };
		C83CF0B3238D2DFF00045146 /* CustomHeaderCell.swift */ = {isa = PBXFileReference; lastKnownFileType = sourcecode.swift; path = CustomHeaderCell.swift; sourceTree = "<group>"; };
/* End PBXFileReference section */

/* Begin PBXFrameworksBuildPhase section */
		C83CF09B238D18A800045146 /* Frameworks */ = {
			isa = PBXFrameworksBuildPhase;
			buildActionMask = 2147483647;
			files = (
			);
			runOnlyForDeploymentPostprocessing = 0;
		};
/* End PBXFrameworksBuildPhase section */

/* Begin PBXGroup section */
		C83CF095238D18A700045146 = {
			isa = PBXGroup;
			children = (
				C83CF0A0238D18A800045146 /* MachineTest3FlowersHederFooter */,
				C83CF09F238D18A800045146 /* Products */,
			);
			sourceTree = "<group>";
		};
		C83CF09F238D18A800045146 /* Products */ = {
			isa = PBXGroup;
			children = (
				C83CF09E238D18A800045146 /* MachineTest3FlowersHederFooter.app */,
			);
			name = Products;
			sourceTree = "<group>";
		};
		C83CF0A0238D18A800045146 /* MachineTest3FlowersHederFooter */ = {
			isa = PBXGroup;
			children = (
				C83CF0A1238D18A800045146 /* AppDelegate.swift */,
				C83CF0A3238D18A800045146 /* ViewController.swift */,
				C83CF0B3238D2DFF00045146 /* CustomHeaderCell.swift */,
				C83CF0A5238D18A800045146 /* Main.storyboard */,
				C83CF0A8238D18A800045146 /* Assets.xcassets */,
				C83CF0AA238D18A800045146 /* LaunchScreen.storyboard */,
				C83CF0AD238D18A800045146 /* Info.plist */,
			);
			path = MachineTest3FlowersHederFooter;
			sourceTree = "<group>";
		};
/* End PBXGroup section */

/* Begin PBXNativeTarget section */
		C83CF09D238D18A800045146 /* MachineTest3FlowersHederFooter */ = {
			isa = PBXNativeTarget;
			buildConfigurationList = C83CF0B0238D18A800045146 /* Build configuration list for PBXNativeTarget "MachineTest3FlowersHederFooter" */;
			buildPhases = (
				C83CF09A238D18A800045146 /* Sources */,
				C83CF09B238D18A800045146 /* Frameworks */,
				C83CF09C238D18A800045146 /* Resources */,
			);
			buildRules = (
			);
			dependencies = (
			);
			name = MachineTest3FlowersHederFooter;
			productName = MachineTest3FlowersHederFooter;
			productReference = C83CF09E238D18A800045146 /* MachineTest3FlowersHederFooter.app */;
			productType = "com.apple.product-type.application";
		};
/* End PBXNativeTarget section */

/* Begin PBXProject section */
		C83CF096238D18A700045146 /* Project object */ = {
			isa = PBXProject;
			attributes = {
				LastSwiftUpdateCheck = 1010;
				LastUpgradeCheck = 1010;
				ORGANIZATIONNAME = Felix;
				TargetAttributes = {
					C83CF09D238D18A800045146 = {
						CreatedOnToolsVersion = 10.1;
					};
				};
			};
			buildConfigurationList = C83CF099238D18A700045146 /* Build configuration list for PBXProject "MachineTest3FlowersHederFooter" */;
			compatibilityVersion = "Xcode 9.3";
			developmentRegion = en;
			hasScannedForEncodings = 0;
			knownRegions = (
				en,
				Base,
			);
			mainGroup = C83CF095238D18A700045146;
			productRefGroup = C83CF09F238D18A800045146 /* Products */;
			projectDirPath = "";
			projectRoot = "";
			targets = (
				C83CF09D238D18A800045146 /* MachineTest3FlowersHederFooter */,
			);
		};
/* End PBXProject section */

/* Begin PBXResourcesBuildPhase section */
		C83CF09C238D18A800045146 /* Resources */ = {
			isa = PBXResourcesBuildPhase;
			buildActionMask = 2147483647;
			files = (
				C83CF0AC238D18A800045146 /* LaunchScreen.storyboard in Resources */,
				C83CF0A9238D18A800045146 /* Assets.xcassets in Resources */,
				C83CF0A7238D18A800045146 /* Main.storyboard in Resources */,
			);
			runOnlyForDeploymentPostprocessing = 0;
		};
/* End PBXResourcesBuildPhase section */

/* Begin PBXSourcesBuildPhase section */
		C83CF09A238D18A800045146 /* Sources */ = {
			isa = PBXSourcesBuildPhase;
			buildActionMask = 2147483647;
			files = (
				C83CF0A4238D18A800045146 /* ViewController.swift in Sources */,
				C83CF0B4238D2DFF00045146 /* CustomHeaderCell.swift in Sources */,
				C83CF0A2238D18A800045146 /* AppDelegate.swift in Sources */,
			);
			runOnlyForDeploymentPostprocessing = 0;
		};
/* End PBXSourcesBuildPhase section */

/* Begin PBXVariantGroup section */
		C83CF0A5238D18A800045146 /* Main.storyboard */ = {
			isa = PBXVariantGroup;
			children = (
				C83CF0A6238D18A800045146 /* Base */,
			);
			name = Main.storyboard;
			sourceTree = "<group>";
		};
		C83CF0AA238D18A800045146 /* LaunchScreen.storyboard */ = {
			isa = PBXVariantGroup;
			children = (
				C83CF0AB238D18A800045146 /* Base */,
			);
			name = LaunchScreen.storyboard;
			sourceTree = "<group>";
		};
/* End PBXVariantGroup section */

/* Begin XCBuildConfiguration section */
		C83CF0AE238D18A800045146 /* Debug */ = {
			isa = XCBuildConfiguration;
			buildSettings = {
				ALWAYS_SEARCH_USER_PATHS = NO;
				CLANG_ANALYZER_NONNULL = YES;
				CLANG_ANALYZER_NUMBER_OBJECT_CONVERSION = YES_AGGRESSIVE;
				CLANG_CXX_LANGUAGE_STANDARD = "gnu++14";
				CLANG_CXX_LIBRARY = "libc++";
				CLANG_ENABLE_MODULES = YES;
				CLANG_ENABLE_OBJC_ARC = YES;
				CLANG_ENABLE_OBJC_WEAK = YES;
				CLANG_WARN_BLOCK_CAPTURE_AUTORELEASING = YES;
				CLANG_WARN_BOOL_CONVERSION = YES;
				CLANG_WARN_COMMA = YES;
				CLANG_WARN_CONSTANT_CONVERSION = YES;
				CLANG_WARN_DEPRECATED_OBJC_IMPLEMENTATIONS = YES;
				CLANG_WARN_DIRECT_OBJC_ISA_USAGE = YES_ERROR;
				CLANG_WARN_DOCUMENTATION_COMMENTS = YES;
				CLANG_WARN_EMPTY_BODY = YES;
				CLANG_WARN_ENUM_CONVERSION = YES;
				CLANG_WARN_INFINITE_RECURSION = YES;
				CLANG_WARN_INT_CONVERSION = YES;
				CLANG_WARN_NON_LITERAL_NULL_CONVERSION = YES;
				CLANG_WARN_OBJC_IMPLICIT_RETAIN_SELF = YES;
				CLANG_WARN_OBJC_LITERAL_CONVERSION = YES;
				CLANG_WARN_OBJC_ROOT_CLASS = YES_ERROR;
				CLANG_WARN_RANGE_LOOP_ANALYSIS = YES;
				CLANG_WARN_STRICT_PROTOTYPES = YES;
				CLANG_WARN_SUSPICIOUS_MOVE = YES;
				CLANG_WARN_UNGUARDED_AVAILABILITY = YES_AGGRESSIVE;
				CLANG_WARN_UNREACHABLE_CODE = YES;
				CLANG_WARN__DUPLICATE_METHOD_MATCH = YES;
				CODE_SIGN_IDENTITY = "iPhone Developer";
				COPY_PHASE_STRIP = NO;
				DEBUG_INFORMATION_FORMAT = dwarf;
				ENABLE_STRICT_OBJC_MSGSEND = YES;
				ENABLE_TESTABILITY = YES;
				GCC_C_LANGUAGE_STANDARD = gnu11;
				GCC_DYNAMIC_NO_PIC = NO;
				GCC_NO_COMMON_BLOCKS = YES;
				GCC_OPTIMIZATION_LEVEL = 0;
				GCC_PREPROCESSOR_DEFINITIONS = (
					"DEBUG=1",
					"$(inherited)",
				);
				GCC_WARN_64_TO_32_BIT_CONVERSION = YES;
				GCC_WARN_ABOUT_RETURN_TYPE = YES_ERROR;
				GCC_WARN_UNDECLARED_SELECTOR = YES;
				GCC_WARN_UNINITIALIZED_AUTOS = YES_AGGRESSIVE;
				GCC_WARN_UNUSED_FUNCTION = YES;
				GCC_WARN_UNUSED_VARIABLE = YES;
				IPHONEOS_DEPLOYMENT_TARGET = 12.1;
				MTL_ENABLE_DEBUG_INFO = INCLUDE_SOURCE;
				MTL_FAST_MATH = YES;
				ONLY_ACTIVE_ARCH = YES;
				SDKROOT = iphoneos;
				SWIFT_ACTIVE_COMPILATION_CONDITIONS = DEBUG;
				SWIFT_OPTIMIZATION_LEVEL = "-Onone";
			};
			name = Debug;
		};
		C83CF0AF238D18A800045146 /* Release */ = {
			isa = XCBuildConfiguration;
			buildSettings = {
				ALWAYS_SEARCH_USER_PATHS = NO;
				CLANG_ANALYZER_NONNULL = YES;
				CLANG_ANALYZER_NUMBER_OBJECT_CONVERSION = YES_AGGRESSIVE;
				CLANG_CXX_LANGUAGE_STANDARD = "gnu++14";
				CLANG_CXX_LIBRARY = "libc++";
				CLANG_ENABLE_MODULES = YES;
				CLANG_ENABLE_OBJC_ARC = YES;
				CLANG_ENABLE_OBJC_WEAK = YES;
				CLANG_WARN_BLOCK_CAPTURE_AUTORELEASING = YES;
				CLANG_WARN_BOOL_CONVERSION = YES;
				CLANG_WARN_COMMA = YES;
				CLANG_WARN_CONSTANT_CONVERSION = YES;
				CLANG_WARN_DEPRECATED_OBJC_IMPLEMENTATIONS = YES;
				CLANG_WARN_DIRECT_OBJC_ISA_USAGE = YES_ERROR;
				CLANG_WARN_DOCUMENTATION_COMMENTS = YES;
				CLANG_WARN_EMPTY_BODY = YES;
				CLANG_WARN_ENUM_CONVERSION = YES;
				CLANG_WARN_INFINITE_RECURSION = YES;
				CLANG_WARN_INT_CONVERSION = YES;
				CLANG_WARN_NON_LITERAL_NULL_CONVERSION = YES;
				CLANG_WARN_OBJC_IMPLICIT_RETAIN_SELF = YES;
				CLANG_WARN_OBJC_LITERAL_CONVERSION = YES;
				CLANG_WARN_OBJC_ROOT_CLASS = YES_ERROR;
				CLANG_WARN_RANGE_LOOP_ANALYSIS = YES;
				CLANG_WARN_STRICT_PROTOTYPES = YES;
				CLANG_WARN_SUSPICIOUS_MOVE = YES;
				CLANG_WARN_UNGUARDED_AVAILABILITY = YES_AGGRESSIVE;
				CLANG_WARN_UNREACHABLE_CODE = YES;
				CLANG_WARN__DUPLICATE_METHOD_MATCH = YES;
				CODE_SIGN_IDENTITY = "iPhone Developer";
				COPY_PHASE_STRIP = NO;
				DEBUG_INFORMATION_FORMAT = "dwarf-with-dsym";
				ENABLE_NS_ASSERTIONS = NO;
				ENABLE_STRICT_OBJC_MSGSEND = YES;
				GCC_C_LANGUAGE_STANDARD = gnu11;
				GCC_NO_COMMON_BLOCKS = YES;
				GCC_WARN_64_TO_32_BIT_CONVERSION = YES;
				GCC_WARN_ABOUT_RETURN_TYPE = YES_ERROR;
				GCC_WARN_UNDECLARED_SELECTOR = YES;
				GCC_WARN_UNINITIALIZED_AUTOS = YES_AGGRESSIVE;
				GCC_WARN_UNUSED_FUNCTION = YES;
				GCC_WARN_UNUSED_VARIABLE = YES;
				IPHONEOS_DEPLOYMENT_TARGET = 12.1;
				MTL_ENABLE_DEBUG_INFO = NO;
				MTL_FAST_MATH = YES;
				SDKROOT = iphoneos;
				SWIFT_COMPILATION_MODE = wholemodule;
				SWIFT_OPTIMIZATION_LEVEL = "-O";
				VALIDATE_PRODUCT = YES;
			};
			name = Release;
		};
		C83CF0B1238D18A800045146 /* Debug */ = {
			isa = XCBuildConfiguration;
			buildSettings = {
				ASSETCATALOG_COMPILER_APPICON_NAME = AppIcon;
				CODE_SIGN_STYLE = Automatic;
				INFOPLIST_FILE = MachineTest3FlowersHederFooter/Info.plist;
				IPHONEOS_DEPLOYMENT_TARGET = 12.0;
				LD_RUNPATH_SEARCH_PATHS = (
					"$(inherited)",
					"@executable_path/Frameworks",
				);
				PRODUCT_BUNDLE_IDENTIFIER = faelix.MachineTest3FlowersHederFooter;
				PRODUCT_NAME = "$(TARGET_NAME)";
				SWIFT_VERSION = 4.2;
				TARGETED_DEVICE_FAMILY = "1,2";
			};
			name = Debug;
		};
		C83CF0B2238D18A800045146 /* Release */ = {
			isa = XCBuildConfiguration;
			buildSettings = {
				ASSETCATALOG_COMPILER_APPICON_NAME = AppIcon;
				CODE_SIGN_STYLE = Automatic;
				INFOPLIST_FILE = MachineTest3FlowersHederFooter/Info.plist;
				IPHONEOS_DEPLOYMENT_TARGET = 12.0;
				LD_RUNPATH_SEARCH_PATHS = (
					"$(inherited)",
					"@executable_path/Frameworks",
				);
				PRODUCT_BUNDLE_IDENTIFIER = faelix.MachineTest3FlowersHederFooter;
				PRODUCT_NAME = "$(TARGET_NAME)";
				SWIFT_VERSION = 4.2;
				TARGETED_DEVICE_FAMILY = "1,2";
			};
			name = Release;
		};
/* End XCBuildConfiguration section */

/* Begin XCConfigurationList section */
		C83CF099238D18A700045146 /* Build configuration list for PBXProject "MachineTest3FlowersHederFooter" */ = {
			isa = XCConfigurationList;
			buildConfigurations = (
				C83CF0AE238D18A800045146 /* Debug */,
				C83CF0AF238D18A800045146 /* Release */,
			);
			defaultConfigurationIsVisible = 0;
			defaultConfigurationName = Release;
		};
		C83CF0B0238D18A800045146 /* Build configuration list for PBXNativeTarget "MachineTest3FlowersHederFooter" */ = {
			isa = XCConfigurationList;
			buildConfigurations = (
				C83CF0B1238D18A800045146 /* Debug */,
				C83CF0B2238D18A800045146 /* Release */,
			);
			defaultConfigurationIsVisible = 0;
			defaultConfigurationName = Release;
		};
/* End XCConfigurationList section */
	};
	rootObject = C83CF096238D18A700045146 /* Project object */;
}
